PODS:
  - DropDown (2.3.13)
  - FittableFontLabel (3.0.0)
  - KWVerificationCodeView (0.4.0)
  - PhoneNumberKit (3.2.0):
    - PhoneNumberKit/PhoneNumberKitCore (= 3.2.0)
    - PhoneNumberKit/UIKit (= 3.2.0)
  - PhoneNumberKit/PhoneNumberKitCore (3.2.0)
  - PhoneNumberKit/UIKit (3.2.0):
    - PhoneNumberKit/PhoneNumberKitCore
  - PMSuperButton (3.0.2)
  - Realm (4.4.0):
    - Realm/Headers (= 4.4.0)
  - Realm/Headers (4.4.0)
  - RealmSwift (4.4.0):
    - Realm (= 4.4.0)
  - RxAppState (1.6.0):
    - RxCocoa (~> 5.0)
    - RxSwift (~> 5.0)
  - RxCocoa (5.1.0):
    - RxRelay (~> 5)
    - RxSwift (~> 5)
  - RxGesture (3.0.1):
    - RxCocoa (~> 5.0)
    - RxSwift (~> 5.0)
  - RxRelay (5.1.0):
    - RxSwift (~> 5)
  - RxSwift (5.1.0)
  - RxSwiftExt (5.2.0):
    - RxSwiftExt/Core (= 5.2.0)
    - RxSwiftExt/RxCocoa (= 5.2.0)
  - RxSwiftExt/Core (5.2.0):
    - RxSwift (~> 5.0)
  - RxSwiftExt/RxCocoa (5.2.0):
    - RxCocoa (~> 5.0)
    - RxSwiftExt/Core
  - Sentry (4.5.0):
    - Sentry/Core (= 4.5.0)
  - Sentry/Core (4.5.0)
  - Toast-Swift (5.0.1)

DEPENDENCIES:
  - DropDown
  - FittableFontLabel
  - KWVerificationCodeView
  - PhoneNumberKit
  - PMSuperButton
  - RealmSwift (= 4.4.0)
  - RxAppState
  - RxCocoa
  - RxGesture
  - RxRelay
  - RxSwift
  - RxSwiftExt
  - Sentry (= 4.5.0)
  - Toast-Swift

SPEC REPOS:
  trunk:
    - DropDown
    - FittableFontLabel
    - KWVerificationCodeView
    - PhoneNumberKit
    - PMSuperButton
    - Realm
    - RealmSwift
    - RxAppState
    - RxCocoa
    - RxGesture
    - RxRelay
    - RxSwift
    - RxSwiftExt
    - Sentry
    - Toast-Swift

SPEC CHECKSUMS:
  DropDown: 8a2116376c1981888557f72ec2ffc9a5e0e456ec
  FittableFontLabel: 34581be026d89c02eb7be992c163e705b586b86f
  KWVerificationCodeView: 92cca6ad028546d3232fa75cda3a40d00109a1a2
  PhoneNumberKit: df411d46177d1492da84e10b6c093846dd861452
  PMSuperButton: 72105fef415890c8792a9e5a784f75c461066f8b
  Realm: e125f464884cda953ebefe70c671b75b03b81b9b
  RealmSwift: 33656a42bd300959a081fc13347376bc478071af
  RxAppState: b633d7370970ecb80081912ea08a7bf3eb644b4e
  RxCocoa: 13d2a4d7546a34b8ececae8c281e4ea1dbb94f2b
  RxGesture: a3f8dd6adf078110ed5e1c9c30d09d705a09852e
  RxRelay: a168bd6caf712d00c676ac344e9295afc93b418e
  RxSwift: ad5874f24bb0dbffd1e9bb8443604e3578796c7a
  RxSwiftExt: 4ca80336f43c28f11a2825cdd2fc61dd6c044697
  Sentry: ab6c209f23700d1460691dbc90e19ed0a05d496b
  Toast-Swift: 9b6a70f28b3bf0b96c40d46c0c4b9d6639846711

PODFILE CHECKSUM: f91808394082f6f93fe68a201a5702a93389302f

COCOAPODS: 1.9.1
